
Microsoft Visual Studio Solution File, Format Version 12.00
# Visual Studio Version 17
VisualStudioVersion = 17.5.002.0
MinimumVisualStudioVersion = 10.0.40219.1
Project("{9A19103F-16F7-4668-BE54-9A1E7A4F7556}") = "Ambientacao", "Ambientacao.csproj", "{84DCBD8E-EE0A-4179-BD12-ED5CF12AF39A}"
EndProject
Global
	GlobalSection(SolutionConfigurationPlatforms) = preSolution
		Debug|Any CPU = Debug|Any CPU
		Release|Any CPU = Release|Any CPU
	EndGlobalSection
	GlobalSection(ProjectConfigurationPlatforms) = postSolution
		{84DCBD8E-EE0A-4179-BD12-ED5CF12AF39A}.Debug|Any CPU.ActiveCfg = Debug|Any CPU
		{84DCBD8E-EE0A-4179-BD12-ED5CF12AF39A}.Debug|Any CPU.Build.0 = Debug|Any CPU
		{84DCBD8E-EE0A-4179-BD12-ED5CF12AF39A}.Release|Any CPU.ActiveCfg = Release|Any CPU
		{84DCBD8E-EE0A-4179-BD12-ED5CF12AF39A}.Release|Any CPU.Build.0 = Release|Any CPU
	EndGlobalSection
	GlobalSection(SolutionProperties) = preSolution
		HideSolutionNode = FALSE
	EndGlobalSection
	GlobalSection(ExtensibilityGlobals) = postSolution
		SolutionGuid = {BD0239F5-D671-4F05-BD80-3CD26836BE6A}
	EndGlobalSection
EndGlobal
